UPSTREAM_REPOSITORY=https://github.com/CasualOffice/sheets.git
UPSTREAM_BRANCH=main
UPSTREAM_SHA=87a63902d94c85b3c50d3210055373a3d3bae991
UPSTREAM_COMMIT_MESSAGE=fix(sdk): enforce sheet command policies (#311)
TARGET=/var/www/TOS/vendor/tsheets-casual-upstream
PIN_PURPOSE=TSHEETS_CASUAL_P00_BASELINE
SOURCE_POLICY=UNMODIFIED_UPSTREAM
SUPERSEDES=TOS-TWS-TSHEETS-CASUAL-P00-B01-UPSTREAM-SOURCE-BASELINE-V1
